
Microsoft Visual Studio Solution File, Format Version 12.00
# Visual Studio Version 17
VisualStudioVersion = 17.0.31903.59
MinimumVisualStudioVersion = 10.0.40219.1
Project("{2150E333-8FDC-42A3-9474-1A3956D46DE8}") = "Lab1", "Lab1", "{B79FFDC2-A36F-4C3A-A526-3CD0CD75FF4C}"
EndProject
Project("{9A19103F-16F7-4668-BE54-9A1E7A4F7556}") = "Lab1", "Lab1\Lab1\Lab1.csproj", "{FA876492-EBD8-455C-9A9B-1C07E47A7FA9}"
EndProject
Project("{9A19103F-16F7-4668-BE54-9A1E7A4F7556}") = "Lab1.Test", "Lab1\Lab1.Test\Lab1.Test.csproj", "{0298D08F-D208-4BD5-9264-932221DE35DB}"
EndProject
Project("{2150E333-8FDC-42A3-9474-1A3956D46DE8}") = "Lab2", "Lab2", "{80870873-FFC1-4A1C-A728-63EEA86CA595}"
EndProject
Project("{9A19103F-16F7-4668-BE54-9A1E7A4F7556}") = "Lab2", "Lab2\Lab2\Lab2.csproj", "{B960CB14-4349-4C6E-AF6F-AF57409090D6}"
EndProject
Project("{9A19103F-16F7-4668-BE54-9A1E7A4F7556}") = "Lab2.Test", "Lab2\Lab2.Test\Lab2.Test.csproj", "{5BF91403-CDD9-472B-911B-756979608B85}"
EndProject
Project("{2150E333-8FDC-42A3-9474-1A3956D46DE8}") = "Lab3", "Lab3", "{0B0A1760-A14D-4441-B3DA-166FE1EB2905}"
EndProject
Project("{9A19103F-16F7-4668-BE54-9A1E7A4F7556}") = "Lab3", "Lab3\Lab3\Lab3.csproj", "{CECC3EA4-C538-4E93-BB19-14C3DC12034D}"
EndProject
Project("{9A19103F-16F7-4668-BE54-9A1E7A4F7556}") = "Lab3.Test", "Lab3\Lab3.Test\Lab3.Test.csproj", "{40DDB082-0AB1-44CB-9952-F710DCB887A0}"
EndProject
Project("{2150E333-8FDC-42A3-9474-1A3956D46DE8}") = "Lab4", "Lab4", "{2D6E73FD-7A0B-4823-92EF-B062D07612C2}"
	ProjectSection(SolutionItems) = preProject
		Lab4\README.md = Lab4\README.md
	EndProjectSection
EndProject
Project("{9A19103F-16F7-4668-BE54-9A1E7A4F7556}") = "Lab4", "Lab4\Lab4\Lab4.csproj", "{834C3FD2-E77A-438A-A085-0FDE90AA9DF8}"
EndProject
Project("{9A19103F-16F7-4668-BE54-9A1E7A4F7556}") = "Lab4.Library", "Lab4\Lab4.Library\Lab4.Library.csproj", "{BC8AC0D4-C7BD-4F42-9F43-D9C726B4DED2}"
EndProject
Project("{2150E333-8FDC-42A3-9474-1A3956D46DE8}") = "Solution Items", "Solution Items", "{6EFA7109-6F7B-4CBB-8824-73B96884314D}"
	ProjectSection(SolutionItems) = preProject
		.gitignore = .gitignore
		Build.proj = Build.proj
		README.md = README.md
	EndProjectSection
EndProject
Project("{9A19103F-16F7-4668-BE54-9A1E7A4F7556}") = "Lab13.Server", "Lab13\Lab13.Server\Lab13.Server.csproj", "{BAE3ECA8-8A90-410F-95C1-E44951D60681}"
EndProject
Project("{54A90642-561A-4BB1-A94E-469ADEE60C69}") = "lab13.client", "Lab13\lab13.client\lab13.client.esproj", "{F41541EC-6115-4C4C-97F2-BE82D334C66F}"
EndProject
Project("{9A19103F-16F7-4668-BE54-9A1E7A4F7556}") = "Lab5", "Lab5\Lab5\Lab5.csproj", "{353AF364-EA8D-4459-9EAB-E4CF01A99DE9}"
EndProject
Project("{9A19103F-16F7-4668-BE54-9A1E7A4F7556}") = "Lab6", "Lab6\Lab6\Lab6.csproj", "{3DE65B84-DF74-4429-B664-0AB9F9705512}"
EndProject
Project("{FAE04EC0-301F-11D3-BF4B-00C04F79EFBC}") = "Lab5.Library", "Lab5\Lab5.Library\Lab5.Library.csproj", "{896888E7-18FD-4773-B3ED-DAA534BF6C79}"
EndProject
Global
	GlobalSection(SolutionConfigurationPlatforms) = preSolution
		Debug|Any CPU = Debug|Any CPU
		Release|Any CPU = Release|Any CPU
	EndGlobalSection
	GlobalSection(ProjectConfigurationPlatforms) = postSolution
		{FA876492-EBD8-455C-9A9B-1C07E47A7FA9}.Debug|Any CPU.ActiveCfg = Debug|Any CPU
		{FA876492-EBD8-455C-9A9B-1C07E47A7FA9}.Debug|Any CPU.Build.0 = Debug|Any CPU
		{FA876492-EBD8-455C-9A9B-1C07E47A7FA9}.Release|Any CPU.ActiveCfg = Release|Any CPU
		{FA876492-EBD8-455C-9A9B-1C07E47A7FA9}.Release|Any CPU.Build.0 = Release|Any CPU
		{0298D08F-D208-4BD5-9264-932221DE35DB}.Debug|Any CPU.ActiveCfg = Debug|Any CPU
		{0298D08F-D208-4BD5-9264-932221DE35DB}.Debug|Any CPU.Build.0 = Debug|Any CPU
		{0298D08F-D208-4BD5-9264-932221DE35DB}.Release|Any CPU.ActiveCfg = Release|Any CPU
		{0298D08F-D208-4BD5-9264-932221DE35DB}.Release|Any CPU.Build.0 = Release|Any CPU
		{B960CB14-4349-4C6E-AF6F-AF57409090D6}.Debug|Any CPU.ActiveCfg = Debug|Any CPU
		{B960CB14-4349-4C6E-AF6F-AF57409090D6}.Debug|Any CPU.Build.0 = Debug|Any CPU
		{B960CB14-4349-4C6E-AF6F-AF57409090D6}.Release|Any CPU.ActiveCfg = Release|Any CPU
		{B960CB14-4349-4C6E-AF6F-AF57409090D6}.Release|Any CPU.Build.0 = Release|Any CPU
		{5BF91403-CDD9-472B-911B-756979608B85}.Debug|Any CPU.ActiveCfg = Debug|Any CPU
		{5BF91403-CDD9-472B-911B-756979608B85}.Debug|Any CPU.Build.0 = Debug|Any CPU
		{5BF91403-CDD9-472B-911B-756979608B85}.Release|Any CPU.ActiveCfg = Release|Any CPU
		{5BF91403-CDD9-472B-911B-756979608B85}.Release|Any CPU.Build.0 = Release|Any CPU
		{CECC3EA4-C538-4E93-BB19-14C3DC12034D}.Debug|Any CPU.ActiveCfg = Debug|Any CPU
		{CECC3EA4-C538-4E93-BB19-14C3DC12034D}.Debug|Any CPU.Build.0 = Debug|Any CPU
		{CECC3EA4-C538-4E93-BB19-14C3DC12034D}.Release|Any CPU.ActiveCfg = Release|Any CPU
		{CECC3EA4-C538-4E93-BB19-14C3DC12034D}.Release|Any CPU.Build.0 = Release|Any CPU
		{40DDB082-0AB1-44CB-9952-F710DCB887A0}.Debug|Any CPU.ActiveCfg = Debug|Any CPU
		{40DDB082-0AB1-44CB-9952-F710DCB887A0}.Debug|Any CPU.Build.0 = Debug|Any CPU
		{40DDB082-0AB1-44CB-9952-F710DCB887A0}.Release|Any CPU.ActiveCfg = Release|Any CPU
		{40DDB082-0AB1-44CB-9952-F710DCB887A0}.Release|Any CPU.Build.0 = Release|Any CPU
		{834C3FD2-E77A-438A-A085-0FDE90AA9DF8}.Debug|Any CPU.ActiveCfg = Debug|Any CPU
		{834C3FD2-E77A-438A-A085-0FDE90AA9DF8}.Debug|Any CPU.Build.0 = Debug|Any CPU
		{834C3FD2-E77A-438A-A085-0FDE90AA9DF8}.Release|Any CPU.ActiveCfg = Release|Any CPU
		{834C3FD2-E77A-438A-A085-0FDE90AA9DF8}.Release|Any CPU.Build.0 = Release|Any CPU
		{BC8AC0D4-C7BD-4F42-9F43-D9C726B4DED2}.Debug|Any CPU.ActiveCfg = Debug|Any CPU
		{BC8AC0D4-C7BD-4F42-9F43-D9C726B4DED2}.Debug|Any CPU.Build.0 = Debug|Any CPU
		{BC8AC0D4-C7BD-4F42-9F43-D9C726B4DED2}.Release|Any CPU.ActiveCfg = Release|Any CPU
		{BC8AC0D4-C7BD-4F42-9F43-D9C726B4DED2}.Release|Any CPU.Build.0 = Release|Any CPU
		{BAE3ECA8-8A90-410F-95C1-E44951D60681}.Debug|Any CPU.ActiveCfg = Debug|Any CPU
		{BAE3ECA8-8A90-410F-95C1-E44951D60681}.Debug|Any CPU.Build.0 = Debug|Any CPU
		{BAE3ECA8-8A90-410F-95C1-E44951D60681}.Release|Any CPU.ActiveCfg = Release|Any CPU
		{BAE3ECA8-8A90-410F-95C1-E44951D60681}.Release|Any CPU.Build.0 = Release|Any CPU
		{F41541EC-6115-4C4C-97F2-BE82D334C66F}.Debug|Any CPU.ActiveCfg = Debug|Any CPU
		{F41541EC-6115-4C4C-97F2-BE82D334C66F}.Debug|Any CPU.Build.0 = Debug|Any CPU
		{F41541EC-6115-4C4C-97F2-BE82D334C66F}.Debug|Any CPU.Deploy.0 = Debug|Any CPU
		{F41541EC-6115-4C4C-97F2-BE82D334C66F}.Release|Any CPU.ActiveCfg = Release|Any CPU
		{F41541EC-6115-4C4C-97F2-BE82D334C66F}.Release|Any CPU.Build.0 = Release|Any CPU
		{F41541EC-6115-4C4C-97F2-BE82D334C66F}.Release|Any CPU.Deploy.0 = Release|Any CPU
		{353AF364-EA8D-4459-9EAB-E4CF01A99DE9}.Debug|Any CPU.ActiveCfg = Debug|Any CPU
		{353AF364-EA8D-4459-9EAB-E4CF01A99DE9}.Debug|Any CPU.Build.0 = Debug|Any CPU
		{353AF364-EA8D-4459-9EAB-E4CF01A99DE9}.Release|Any CPU.ActiveCfg = Release|Any CPU
		{353AF364-EA8D-4459-9EAB-E4CF01A99DE9}.Release|Any CPU.Build.0 = Release|Any CPU
		{3DE65B84-DF74-4429-B664-0AB9F9705512}.Debug|Any CPU.ActiveCfg = Debug|Any CPU
		{3DE65B84-DF74-4429-B664-0AB9F9705512}.Debug|Any CPU.Build.0 = Debug|Any CPU
		{3DE65B84-DF74-4429-B664-0AB9F9705512}.Release|Any CPU.ActiveCfg = Release|Any CPU
		{3DE65B84-DF74-4429-B664-0AB9F9705512}.Release|Any CPU.Build.0 = Release|Any CPU
		{896888E7-18FD-4773-B3ED-DAA534BF6C79}.Debug|Any CPU.ActiveCfg = Debug|Any CPU
		{896888E7-18FD-4773-B3ED-DAA534BF6C79}.Debug|Any CPU.Build.0 = Debug|Any CPU
		{896888E7-18FD-4773-B3ED-DAA534BF6C79}.Release|Any CPU.ActiveCfg = Release|Any CPU
		{896888E7-18FD-4773-B3ED-DAA534BF6C79}.Release|Any CPU.Build.0 = Release|Any CPU
	EndGlobalSection
	GlobalSection(SolutionProperties) = preSolution
		HideSolutionNode = FALSE
	EndGlobalSection
	GlobalSection(NestedProjects) = preSolution
		{FA876492-EBD8-455C-9A9B-1C07E47A7FA9} = {B79FFDC2-A36F-4C3A-A526-3CD0CD75FF4C}
		{0298D08F-D208-4BD5-9264-932221DE35DB} = {B79FFDC2-A36F-4C3A-A526-3CD0CD75FF4C}
		{B960CB14-4349-4C6E-AF6F-AF57409090D6} = {80870873-FFC1-4A1C-A728-63EEA86CA595}
		{5BF91403-CDD9-472B-911B-756979608B85} = {80870873-FFC1-4A1C-A728-63EEA86CA595}
		{CECC3EA4-C538-4E93-BB19-14C3DC12034D} = {0B0A1760-A14D-4441-B3DA-166FE1EB2905}
		{40DDB082-0AB1-44CB-9952-F710DCB887A0} = {0B0A1760-A14D-4441-B3DA-166FE1EB2905}
		{834C3FD2-E77A-438A-A085-0FDE90AA9DF8} = {2D6E73FD-7A0B-4823-92EF-B062D07612C2}
		{BC8AC0D4-C7BD-4F42-9F43-D9C726B4DED2} = {2D6E73FD-7A0B-4823-92EF-B062D07612C2}
	EndGlobalSection
	GlobalSection(ExtensibilityGlobals) = postSolution
		SolutionGuid = {548B586C-1626-4294-A409-947839BAF412}
	EndGlobalSection
EndGlobal
